// !$*UTF8*$!
{
	archiveVersion = 1;
	classes = {
	};
	objectVersion = 56;
	objects = {

/* Begin PBXBuildFile section */
		1B3581A728E621E600612976 /* OnboardingRoleCell.swift in Sources */ = {isa = PBXBuildFile; fileRef = 1B3581A628E621E600612976 /* OnboardingRoleCell.swift */; };
		1B3581AC28E6387000612976 /* FamilySharingView.swift in Sources */ = {isa = PBXBuildFile; fileRef = 1B3581AB28E6387000612976 /* FamilySharingView.swift */; };
		1B445AE928EC3DA700B0B310 /* PagingDto.swift in Sources */ = {isa = PBXBuildFile; fileRef = 1B445AE828EC3DA700B0B310 /* PagingDto.swift */; };
		1B445AEB28EC531B00B0B310 /* ChildModel.swift in Sources */ = {isa = PBXBuildFile; fileRef = 1B445AEA28EC531B00B0B310 /* ChildModel.swift */; };
		1B445AEE28EC71F700B0B310 /* AsynchronousImage.swift in Sources */ = {isa = PBXBuildFile; fileRef = 1B445AED28EC71F700B0B310 /* AsynchronousImage.swift */; };
		1B445AF028EC725700B0B310 /* AsyncImageView.swift in Sources */ = {isa = PBXBuildFile; fileRef = 1B445AEF28EC725700B0B310 /* AsyncImageView.swift */; };
		1B76B64228EC250400602003 /* ChildrenRoute.swift in Sources */ = {isa = PBXBuildFile; fileRef = 1B76B64128EC250400602003 /* ChildrenRoute.swift */; };
		1B76B64428EC266100602003 /* ChildrenRepository.swift in Sources */ = {isa = PBXBuildFile; fileRef = 1B76B64328EC266100602003 /* ChildrenRepository.swift */; };
		1B76B64628EC26B800602003 /* ChildrenUseCase.swift in Sources */ = {isa = PBXBuildFile; fileRef = 1B76B64528EC26B800602003 /* ChildrenUseCase.swift */; };
		1B76B64828EC26EC00602003 /* GetChildrenUseCase.swift in Sources */ = {isa = PBXBuildFile; fileRef = 1B76B64728EC26EC00602003 /* GetChildrenUseCase.swift */; };
		1B76B64A28EC286800602003 /* ChildrenViewModeling.swift in Sources */ = {isa = PBXBuildFile; fileRef = 1B76B64928EC286800602003 /* ChildrenViewModeling.swift */; };
		1B76B64C28EC289300602003 /* ChildrenViewModel.swift in Sources */ = {isa = PBXBuildFile; fileRef = 1B76B64B28EC289300602003 /* ChildrenViewModel.swift */; };
		1B7C09F628EAC170001DB6A1 /* ChildDetailsRoute.swift in Sources */ = {isa = PBXBuildFile; fileRef = 1B7C09F528EAC170001DB6A1 /* ChildDetailsRoute.swift */; };
		1B7C09F828EAC21E001DB6A1 /* CreateChildPayload.swift in Sources */ = {isa = PBXBuildFile; fileRef = 1B7C09F728EAC21E001DB6A1 /* CreateChildPayload.swift */; };
		1BA30D5128E79A4200926820 /* FamilySharingViewModel.swift in Sources */ = {isa = PBXBuildFile; fileRef = 1BA30D5028E79A4200926820 /* FamilySharingViewModel.swift */; };
		1BA30D5328E79A8E00926820 /* FamilySharingViewModeling.swift in Sources */ = {isa = PBXBuildFile; fileRef = 1BA30D5228E79A8E00926820 /* FamilySharingViewModeling.swift */; };
		1BA30D5928E79E0700926820 /* CombineMoya in Frameworks */ = {isa = PBXBuildFile; productRef = 1BA30D5828E79E0700926820 /* CombineMoya */; };
		1BA30D5B28E79E0700926820 /* Moya in Frameworks */ = {isa = PBXBuildFile; productRef = 1BA30D5A28E79E0700926820 /* Moya */; };
		1BA30D5D28E79E5700926820 /* FamilySharingRoute.swift in Sources */ = {isa = PBXBuildFile; fileRef = 1BA30D5C28E79E5700926820 /* FamilySharingRoute.swift */; };
		1BA30D6128E79EE100926820 /* RequestServices.swift in Sources */ = {isa = PBXBuildFile; fileRef = 1BA30D6028E79EE100926820 /* RequestServices.swift */; };
		1BA30D6328E79FD400926820 /* RequestServiceError.swift in Sources */ = {isa = PBXBuildFile; fileRef = 1BA30D6228E79FD400926820 /* RequestServiceError.swift */; };
		1BA30D6528E79FF400926820 /* BasicAuthenticationPlugin.swift in Sources */ = {isa = PBXBuildFile; fileRef = 1BA30D6428E79FF400926820 /* BasicAuthenticationPlugin.swift */; };
		1BA30D6728E7A1D700926820 /* FamilySharingRepository.swift in Sources */ = {isa = PBXBuildFile; fileRef = 1BA30D6628E7A1D700926820 /* FamilySharingRepository.swift */; };
		1BA30D6A28E7A24400926820 /* TokensDto.swift in Sources */ = {isa = PBXBuildFile; fileRef = 1BA30D6928E7A24400926820 /* TokensDto.swift */; };
		1BA30D6D28E7A34100926820 /* Moya+Extensions.swift in Sources */ = {isa = PBXBuildFile; fileRef = 1BA30D6C28E7A34100926820 /* Moya+Extensions.swift */; };
		1BA30D6F28E7A49B00926820 /* AddParentUseCase.swift in Sources */ = {isa = PBXBuildFile; fileRef = 1BA30D6E28E7A49B00926820 /* AddParentUseCase.swift */; };
		1BA30D7128E7A4D600926820 /* FamilySharingUseCase.swift in Sources */ = {isa = PBXBuildFile; fileRef = 1BA30D7028E7A4D600926820 /* FamilySharingUseCase.swift */; };
		1BA30D7328E7A5AC00926820 /* TokenModel.swift in Sources */ = {isa = PBXBuildFile; fileRef = 1BA30D7228E7A5AC00926820 /* TokenModel.swift */; };
		1BA9DFAA28E7131D006980D1 /* FamilySharingCell.swift in Sources */ = {isa = PBXBuildFile; fileRef = 1BA9DFA928E7131D006980D1 /* FamilySharingCell.swift */; };
		1BA9DFAC28E7206F006980D1 /* FamilySharingInfoCell.swift in Sources */ = {isa = PBXBuildFile; fileRef = 1BA9DFAB28E7206F006980D1 /* FamilySharingInfoCell.swift */; };
		1BA9DFB028E7290A006980D1 /* ConfirmButton.swift in Sources */ = {isa = PBXBuildFile; fileRef = 1BA9DFAF28E7290A006980D1 /* ConfirmButton.swift */; };
		1BA9DFB228E72C73006980D1 /* CancelButton.swift in Sources */ = {isa = PBXBuildFile; fileRef = 1BA9DFB128E72C73006980D1 /* CancelButton.swift */; };
		1BA9DFB428E73001006980D1 /* NavigationButton.swift in Sources */ = {isa = PBXBuildFile; fileRef = 1BA9DFB328E73001006980D1 /* NavigationButton.swift */; };
		1BE5191C28E8E24A0067E8B1 /* PickerTextField.swift in Sources */ = {isa = PBXBuildFile; fileRef = 1BE5191B28E8E24A0067E8B1 /* PickerTextField.swift */; };
		1BE60C3B28EEC0B8001943D1 /* CodeScanner in Frameworks */ = {isa = PBXBuildFile; productRef = 1BE60C3A28EEC0B8001943D1 /* CodeScanner */; };
		1BE72A2B28E8901000447167 /* UserDefaultsService.swift in Sources */ = {isa = PBXBuildFile; fileRef = 1BE72A2A28E8901000447167 /* UserDefaultsService.swift */; };
		1BE72A2D28E8902300447167 /* UserDefaultsKeys.swift in Sources */ = {isa = PBXBuildFile; fileRef = 1BE72A2C28E8902300447167 /* UserDefaultsKeys.swift */; };
		1BE72A3028E8925400447167 /* ChildDetailsView.swift in Sources */ = {isa = PBXBuildFile; fileRef = 1BE72A2F28E8925400447167 /* ChildDetailsView.swift */; };
		1BE72A3528E8984600447167 /* CommonTextField.swift in Sources */ = {isa = PBXBuildFile; fileRef = 1BE72A3428E8984600447167 /* CommonTextField.swift */; };
		1BE72A3828E8A1F400447167 /* ChildDetailsViewModel.swift in Sources */ = {isa = PBXBuildFile; fileRef = 1BE72A3728E8A1F400447167 /* ChildDetailsViewModel.swift */; };
		1BE72A3A28E8A20100447167 /* ChildDetailsViewModeling.swift in Sources */ = {isa = PBXBuildFile; fileRef = 1BE72A3928E8A20100447167 /* ChildDetailsViewModeling.swift */; };
		1BE72A3D28E8ADB100447167 /* ImagePicker.swift in Sources */ = {isa = PBXBuildFile; fileRef = 1BE72A3C28E8ADB100447167 /* ImagePicker.swift */; };
		1BE72A4128E8D69900447167 /* ImageUploadView.swift in Sources */ = {isa = PBXBuildFile; fileRef = 1BE72A4028E8D69900447167 /* ImageUploadView.swift */; };
		1BEE80F328EACA33004F75CA /* ChildDetailsRepository.swift in Sources */ = {isa = PBXBuildFile; fileRef = 1BEE80F228EACA33004F75CA /* ChildDetailsRepository.swift */; };
		1BEE80F528EACB24004F75CA /* ChildDetailsUseCase.swift in Sources */ = {isa = PBXBuildFile; fileRef = 1BEE80F428EACB24004F75CA /* ChildDetailsUseCase.swift */; };
		1BEE80F728EAD13D004F75CA /* AddChildUseCase.swift in Sources */ = {isa = PBXBuildFile; fileRef = 1BEE80F628EAD13D004F75CA /* AddChildUseCase.swift */; };
		1BEE80FD28EB1D29004F75CA /* QRCodeView.swift in Sources */ = {isa = PBXBuildFile; fileRef = 1BEE80FC28EB1D29004F75CA /* QRCodeView.swift */; };
		1BEE810128EB5B2E004F75CA /* ChildrenView.swift in Sources */ = {isa = PBXBuildFile; fileRef = 1BEE810028EB5B2E004F75CA /* ChildrenView.swift */; };
		1BEE810328EB5CB8004F75CA /* ChildCell.swift in Sources */ = {isa = PBXBuildFile; fileRef = 1BEE810228EB5CB8004F75CA /* ChildCell.swift */; };
		EF43B69828E1982E00DBE6B6 /* LaunchScreen.storyboard in Resources */ = {isa = PBXBuildFile; fileRef = EF43B69728E1982E00DBE6B6 /* LaunchScreen.storyboard */; };
		EF43B69A28E1986F00DBE6B6 /* Colors.xcassets in Resources */ = {isa = PBXBuildFile; fileRef = EF43B69928E1986F00DBE6B6 /* Colors.xcassets */; };
		EF43B69E28E19D5E00DBE6B6 /* OnboardingRole.swift in Sources */ = {isa = PBXBuildFile; fileRef = EF43B69D28E19D5E00DBE6B6 /* OnboardingRole.swift */; };
		EF43B6A228E19EF000DBE6B6 /* MainBackground.swift in Sources */ = {isa = PBXBuildFile; fileRef = EF43B6A128E19EF000DBE6B6 /* MainBackground.swift */; };
		EF43B6A628E19F8400DBE6B6 /* Color.swift in Sources */ = {isa = PBXBuildFile; fileRef = EF43B6A528E19F8400DBE6B6 /* Color.swift */; };
		EF51A11628E190FA0020F135 /* Preview Assets.xcassets in Resources */ = {isa = PBXBuildFile; fileRef = EF51A11528E190FA0020F135 /* Preview Assets.xcassets */; };
		EFE6E42828E1A67A00B3F83D /* Image.swift in Sources */ = {isa = PBXBuildFile; fileRef = EFE6E42728E1A67A00B3F83D /* Image.swift */; };
		EFE6E43C28E1DAEA00B3F83D /* Poppins-Italic.ttf in Resources */ = {isa = PBXBuildFile; fileRef = EFE6E42A28E1DAE100B3F83D /* Poppins-Italic.ttf */; };
		EFE6E43D28E1DAEA00B3F83D /* Poppins-Light.ttf in Resources */ = {isa = PBXBuildFile; fileRef = EFE6E42B28E1DAE200B3F83D /* Poppins-Light.ttf */; };
		EFE6E43E28E1DAEA00B3F83D /* Poppins-Thin.ttf in Resources */ = {isa = PBXBuildFile; fileRef = EFE6E42C28E1DAE200B3F83D /* Poppins-Thin.ttf */; };
		EFE6E44028E1DAEA00B3F83D /* Poppins-LightItalic.ttf in Resources */ = {isa = PBXBuildFile; fileRef = EFE6E42E28E1DAE300B3F83D /* Poppins-LightItalic.ttf */; };
		EFE6E44128E1DAEA00B3F83D /* Poppins-SemiBoldItalic.ttf in Resources */ = {isa = PBXBuildFile; fileRef = EFE6E42F28E1DAE300B3F83D /* Poppins-SemiBoldItalic.ttf */; };
		EFE6E44328E1DAEA00B3F83D /* Poppins-SemiBold.ttf in Resources */ = {isa = PBXBuildFile; fileRef = EFE6E43128E1DAE500B3F83D /* Poppins-SemiBold.ttf */; };
		EFE6E44428E1DAEA00B3F83D /* Poppins-MediumItalic.ttf in Resources */ = {isa = PBXBuildFile; fileRef = EFE6E43228E1DAE500B3F83D /* Poppins-MediumItalic.ttf */; };
		EFE6E44528E1DAEA00B3F83D /* Poppins-ExtraBold.ttf in Resources */ = {isa = PBXBuildFile; fileRef = EFE6E43328E1DAE600B3F83D /* Poppins-ExtraBold.ttf */; };
		EFE6E44628E1DAEA00B3F83D /* Poppins-Regular.ttf in Resources */ = {isa = PBXBuildFile; fileRef = EFE6E43428E1DAE700B3F83D /* Poppins-Regular.ttf */; };
		EFE6E44728E1DAEA00B3F83D /* Poppins-ExtraLight.ttf in Resources */ = {isa = PBXBuildFile; fileRef = EFE6E43528E1DAE700B3F83D /* Poppins-ExtraLight.ttf */; };
		EFE6E44828E1DAEA00B3F83D /* Poppins-Medium.ttf in Resources */ = {isa = PBXBuildFile; fileRef = EFE6E43628E1DAE700B3F83D /* Poppins-Medium.ttf */; };
		EFE6E44928E1DAEA00B3F83D /* Poppins-Bold.ttf in Resources */ = {isa = PBXBuildFile; fileRef = EFE6E43728E1DAE800B3F83D /* Poppins-Bold.ttf */; };
		EFE6E44B28E1DAEA00B3F83D /* Poppins-ExtraBoldItalic.ttf in Resources */ = {isa = PBXBuildFile; fileRef = EFE6E43928E1DAE900B3F83D /* Poppins-ExtraBoldItalic.ttf */; };
		EFE6E44C28E1DAEA00B3F83D /* Poppins-ExtraLightItalic.ttf in Resources */ = {isa = PBXBuildFile; fileRef = EFE6E43A28E1DAE900B3F83D /* Poppins-ExtraLightItalic.ttf */; };
		EFE6E44E28E1DB3A00B3F83D /* Poppins-ThinItalic.ttf in Resources */ = {isa = PBXBuildFile; fileRef = EFE6E44D28E1DB3A00B3F83D /* Poppins-ThinItalic.ttf */; };
		EFE6E45428E1F2A500B3F83D /* Poppins-Black.ttf in Resources */ = {isa = PBXBuildFile; fileRef = EFE6E45628E1F2A500B3F83D /* Poppins-Black.ttf */; };
		EFE6E45828E1F2BA00B3F83D /* Poppins-BlackItalic.ttf in Resources */ = {isa = PBXBuildFile; fileRef = EFE6E45A28E1F2BA00B3F83D /* Poppins-BlackItalic.ttf */; };
		EFE6E45F28E1F5E300B3F83D /* Localizable.strings in Resources */ = {isa = PBXBuildFile; fileRef = EFE6E46128E1F5E300B3F83D /* Localizable.strings */; };
		EFE6E46328E2206A00B3F83D /* Font.swift in Sources */ = {isa = PBXBuildFile; fileRef = EFE6E46228E2206A00B3F83D /* Font.swift */; };
		EFE9288728E18C3A00675F28 /* Ed_BreakApp.swift in Sources */ = {isa = PBXBuildFile; fileRef = EFE9288628E18C3A00675F28 /* Ed_BreakApp.swift */; };
		EFE9288928E18C3A00675F28 /* ContentView.swift in Sources */ = {isa = PBXBuildFile; fileRef = EFE9288828E18C3A00675F28 /* ContentView.swift */; };
		EFE9288B28E18C3E00675F28 /* Assets.xcassets in Resources */ = {isa = PBXBuildFile; fileRef = EFE9288A28E18C3E00675F28 /* Assets.xcassets */; };
/* End PBXBuildFile section */

/* Begin PBXFileReference section */
		1B3581A628E621E600612976 /* OnboardingRoleCell.swift */ = {isa = PBXFileReference; lastKnownFileType = sourcecode.swift; path = OnboardingRoleCell.swift; sourceTree = "<group>"; };
		1B3581AB28E6387000612976 /* FamilySharingView.swift */ = {isa = PBXFileReference; lastKnownFileType = sourcecode.swift; path = FamilySharingView.swift; sourceTree = "<group>"; };
		1B445AE828EC3DA700B0B310 /* PagingDto.swift */ = {isa = PBXFileReference; lastKnownFileType = sourcecode.swift; path = PagingDto.swift; sourceTree = "<group>"; };
		1B445AEA28EC531B00B0B310 /* ChildModel.swift */ = {isa = PBXFileReference; lastKnownFileType = sourcecode.swift; path = ChildModel.swift; sourceTree = "<group>"; };
		1B445AED28EC71F700B0B310 /* AsynchronousImage.swift */ = {isa = PBXFileReference; lastKnownFileType = sourcecode.swift; path = AsynchronousImage.swift; sourceTree = "<group>"; };
		1B445AEF28EC725700B0B310 /* AsyncImageView.swift */ = {isa = PBXFileReference; lastKnownFileType = sourcecode.swift; path = AsyncImageView.swift; sourceTree = "<group>"; };
		1B76B64128EC250400602003 /* ChildrenRoute.swift */ = {isa = PBXFileReference; lastKnownFileType = sourcecode.swift; path = ChildrenRoute.swift; sourceTree = "<group>"; };
		1B76B64328EC266100602003 /* ChildrenRepository.swift */ = {isa = PBXFileReference; lastKnownFileType = sourcecode.swift; path = ChildrenRepository.swift; sourceTree = "<group>"; };
		1B76B64528EC26B800602003 /* ChildrenUseCase.swift */ = {isa = PBXFileReference; lastKnownFileType = sourcecode.swift; path = ChildrenUseCase.swift; sourceTree = "<group>"; };
		1B76B64728EC26EC00602003 /* GetChildrenUseCase.swift */ = {isa = PBXFileReference; lastKnownFileType = sourcecode.swift; path = GetChildrenUseCase.swift; sourceTree = "<group>"; };
		1B76B64928EC286800602003 /* ChildrenViewModeling.swift */ = {isa = PBXFileReference; lastKnownFileType = sourcecode.swift; path = ChildrenViewModeling.swift; sourceTree = "<group>"; };
		1B76B64B28EC289300602003 /* ChildrenViewModel.swift */ = {isa = PBXFileReference; lastKnownFileType = sourcecode.swift; path = ChildrenViewModel.swift; sourceTree = "<group>"; };
		1B7C09F528EAC170001DB6A1 /* ChildDetailsRoute.swift */ = {isa = PBXFileReference; lastKnownFileType = sourcecode.swift; path = ChildDetailsRoute.swift; sourceTree = "<group>"; };
		1B7C09F728EAC21E001DB6A1 /* CreateChildPayload.swift */ = {isa = PBXFileReference; lastKnownFileType = sourcecode.swift; path = CreateChildPayload.swift; sourceTree = "<group>"; };
		1BA30D5028E79A4200926820 /* FamilySharingViewModel.swift */ = {isa = PBXFileReference; lastKnownFileType = sourcecode.swift; path = FamilySharingViewModel.swift; sourceTree = "<group>"; };
		1BA30D5228E79A8E00926820 /* FamilySharingViewModeling.swift */ = {isa = PBXFileReference; lastKnownFileType = sourcecode.swift; path = FamilySharingViewModeling.swift; sourceTree = "<group>"; };
		1BA30D5C28E79E5700926820 /* FamilySharingRoute.swift */ = {isa = PBXFileReference; lastKnownFileType = sourcecode.swift; path = FamilySharingRoute.swift; sourceTree = "<group>"; };
		1BA30D6028E79EE100926820 /* RequestServices.swift */ = {isa = PBXFileReference; lastKnownFileType = sourcecode.swift; path = RequestServices.swift; sourceTree = "<group>"; };
		1BA30D6228E79FD400926820 /* RequestServiceError.swift */ = {isa = PBXFileReference; lastKnownFileType = sourcecode.swift; path = RequestServiceError.swift; sourceTree = "<group>"; };
		1BA30D6428E79FF400926820 /* BasicAuthenticationPlugin.swift */ = {isa = PBXFileReference; lastKnownFileType = sourcecode.swift; path = BasicAuthenticationPlugin.swift; sourceTree = "<group>"; };
		1BA30D6628E7A1D700926820 /* FamilySharingRepository.swift */ = {isa = PBXFileReference; lastKnownFileType = sourcecode.swift; path = FamilySharingRepository.swift; sourceTree = "<group>"; };
		1BA30D6928E7A24400926820 /* TokensDto.swift */ = {isa = PBXFileReference; lastKnownFileType = sourcecode.swift; path = TokensDto.swift; sourceTree = "<group>"; };
		1BA30D6C28E7A34100926820 /* Moya+Extensions.swift */ = {isa = PBXFileReference; lastKnownFileType = sourcecode.swift; path = "Moya+Extensions.swift"; sourceTree = "<group>"; };
		1BA30D6E28E7A49B00926820 /* AddParentUseCase.swift */ = {isa = PBXFileReference; lastKnownFileType = sourcecode.swift; path = AddParentUseCase.swift; sourceTree = "<group>"; };
		1BA30D7028E7A4D600926820 /* FamilySharingUseCase.swift */ = {isa = PBXFileReference; lastKnownFileType = sourcecode.swift; path = FamilySharingUseCase.swift; sourceTree = "<group>"; };
		1BA30D7228E7A5AC00926820 /* TokenModel.swift */ = {isa = PBXFileReference; lastKnownFileType = sourcecode.swift; path = TokenModel.swift; sourceTree = "<group>"; };
		1BA9DFA928E7131D006980D1 /* FamilySharingCell.swift */ = {isa = PBXFileReference; lastKnownFileType = sourcecode.swift; path = FamilySharingCell.swift; sourceTree = "<group>"; };
		1BA9DFAB28E7206F006980D1 /* FamilySharingInfoCell.swift */ = {isa = PBXFileReference; lastKnownFileType = sourcecode.swift; path = FamilySharingInfoCell.swift; sourceTree = "<group>"; };
		1BA9DFAF28E7290A006980D1 /* ConfirmButton.swift */ = {isa = PBXFileReference; lastKnownFileType = sourcecode.swift; path = ConfirmButton.swift; sourceTree = "<group>"; };
		1BA9DFB128E72C73006980D1 /* CancelButton.swift */ = {isa = PBXFileReference; lastKnownFileType = sourcecode.swift; path = CancelButton.swift; sourceTree = "<group>"; };
		1BA9DFB328E73001006980D1 /* NavigationButton.swift */ = {isa = PBXFileReference; lastKnownFileType = sourcecode.swift; path = NavigationButton.swift; sourceTree = "<group>"; };
		1BE5191B28E8E24A0067E8B1 /* PickerTextField.swift */ = {isa = PBXFileReference; lastKnownFileType = sourcecode.swift; path = PickerTextField.swift; sourceTree = "<group>"; };
		1BE72A2A28E8901000447167 /* UserDefaultsService.swift */ = {isa = PBXFileReference; lastKnownFileType = sourcecode.swift; path = UserDefaultsService.swift; sourceTree = "<group>"; };
		1BE72A2C28E8902300447167 /* UserDefaultsKeys.swift */ = {isa = PBXFileReference; lastKnownFileType = sourcecode.swift; path = UserDefaultsKeys.swift; sourceTree = "<group>"; };
		1BE72A2F28E8925400447167 /* ChildDetailsView.swift */ = {isa = PBXFileReference; lastKnownFileType = sourcecode.swift; path = ChildDetailsView.swift; sourceTree = "<group>"; };
		1BE72A3428E8984600447167 /* CommonTextField.swift */ = {isa = PBXFileReference; lastKnownFileType = sourcecode.swift; path = CommonTextField.swift; sourceTree = "<group>"; };
		1BE72A3728E8A1F400447167 /* ChildDetailsViewModel.swift */ = {isa = PBXFileReference; lastKnownFileType = sourcecode.swift; path = ChildDetailsViewModel.swift; sourceTree = "<group>"; };
		1BE72A3928E8A20100447167 /* ChildDetailsViewModeling.swift */ = {isa = PBXFileReference; lastKnownFileType = sourcecode.swift; path = ChildDetailsViewModeling.swift; sourceTree = "<group>"; };
		1BE72A3C28E8ADB100447167 /* ImagePicker.swift */ = {isa = PBXFileReference; lastKnownFileType = sourcecode.swift; path = ImagePicker.swift; sourceTree = "<group>"; };
		1BE72A4028E8D69900447167 /* ImageUploadView.swift */ = {isa = PBXFileReference; lastKnownFileType = sourcecode.swift; path = ImageUploadView.swift; sourceTree = "<group>"; };
		1BEE80F228EACA33004F75CA /* ChildDetailsRepository.swift */ = {isa = PBXFileReference; lastKnownFileType = sourcecode.swift; path = ChildDetailsRepository.swift; sourceTree = "<group>"; };
		1BEE80F428EACB24004F75CA /* ChildDetailsUseCase.swift */ = {isa = PBXFileReference; lastKnownFileType = sourcecode.swift; path = ChildDetailsUseCase.swift; sourceTree = "<group>"; };
		1BEE80F628EAD13D004F75CA /* AddChildUseCase.swift */ = {isa = PBXFileReference; lastKnownFileType = sourcecode.swift; path = AddChildUseCase.swift; sourceTree = "<group>"; };
		1BEE80FC28EB1D29004F75CA /* QRCodeView.swift */ = {isa = PBXFileReference; lastKnownFileType = sourcecode.swift; path = QRCodeView.swift; sourceTree = "<group>"; };
		1BEE810028EB5B2E004F75CA /* ChildrenView.swift */ = {isa = PBXFileReference; lastKnownFileType = sourcecode.swift; path = ChildrenView.swift; sourceTree = "<group>"; };
		1BEE810228EB5CB8004F75CA /* ChildCell.swift */ = {isa = PBXFileReference; lastKnownFileType = sourcecode.swift; path = ChildCell.swift; sourceTree = "<group>"; };
		EF43B69728E1982E00DBE6B6 /* LaunchScreen.storyboard */ = {isa = PBXFileReference; lastKnownFileType = file.storyboard; path = LaunchScreen.storyboard; sourceTree = "<group>"; };
		EF43B69928E1986F00DBE6B6 /* Colors.xcassets */ = {isa = PBXFileReference; lastKnownFileType = folder.assetcatalog; path = Colors.xcassets; sourceTree = "<group>"; };
		EF43B69D28E19D5E00DBE6B6 /* OnboardingRole.swift */ = {isa = PBXFileReference; lastKnownFileType = sourcecode.swift; path = OnboardingRole.swift; sourceTree = "<group>"; };
		EF43B6A128E19EF000DBE6B6 /* MainBackground.swift */ = {isa = PBXFileReference; lastKnownFileType = sourcecode.swift; path = MainBackground.swift; sourceTree = "<group>"; };
		EF43B6A528E19F8400DBE6B6 /* Color.swift */ = {isa = PBXFileReference; lastKnownFileType = sourcecode.swift; path = Color.swift; sourceTree = "<group>"; };
		EF51A11528E190FA0020F135 /* Preview Assets.xcassets */ = {isa = PBXFileReference; lastKnownFileType = folder.assetcatalog; path = "Preview Assets.xcassets"; sourceTree = "<group>"; };
		EFE6E42728E1A67A00B3F83D /* Image.swift */ = {isa = PBXFileReference; lastKnownFileType = sourcecode.swift; path = Image.swift; sourceTree = "<group>"; };
		EFE6E42A28E1DAE100B3F83D /* Poppins-Italic.ttf */ = {isa = PBXFileReference; lastKnownFileType = file; path = "Poppins-Italic.ttf"; sourceTree = "<group>"; };
		EFE6E42B28E1DAE200B3F83D /* Poppins-Light.ttf */ = {isa = PBXFileReference; lastKnownFileType = file; path = "Poppins-Light.ttf"; sourceTree = "<group>"; };
		EFE6E42C28E1DAE200B3F83D /* Poppins-Thin.ttf */ = {isa = PBXFileReference; lastKnownFileType = file; path = "Poppins-Thin.ttf"; sourceTree = "<group>"; };
		EFE6E42E28E1DAE300B3F83D /* Poppins-LightItalic.ttf */ = {isa = PBXFileReference; lastKnownFileType = file; path = "Poppins-LightItalic.ttf"; sourceTree = "<group>"; };
		EFE6E42F28E1DAE300B3F83D /* Poppins-SemiBoldItalic.ttf */ = {isa = PBXFileReference; lastKnownFileType = file; path = "Poppins-SemiBoldItalic.ttf"; sourceTree = "<group>"; };
		EFE6E43128E1DAE500B3F83D /* Poppins-SemiBold.ttf */ = {isa = PBXFileReference; lastKnownFileType = file; path = "Poppins-SemiBold.ttf"; sourceTree = "<group>"; };
		EFE6E43228E1DAE500B3F83D /* Poppins-MediumItalic.ttf */ = {isa = PBXFileReference; lastKnownFileType = file; path = "Poppins-MediumItalic.ttf"; sourceTree = "<group>"; };
		EFE6E43328E1DAE600B3F83D /* Poppins-ExtraBold.ttf */ = {isa = PBXFileReference; lastKnownFileType = file; path = "Poppins-ExtraBold.ttf"; sourceTree = "<group>"; };
		EFE6E43428E1DAE700B3F83D /* Poppins-Regular.ttf */ = {isa = PBXFileReference; lastKnownFileType = file; path = "Poppins-Regular.ttf"; sourceTree = "<group>"; };
		EFE6E43528E1DAE700B3F83D /* Poppins-ExtraLight.ttf */ = {isa = PBXFileReference; lastKnownFileType = file; path = "Poppins-ExtraLight.ttf"; sourceTree = "<group>"; };
		EFE6E43628E1DAE700B3F83D /* Poppins-Medium.ttf */ = {isa = PBXFileReference; lastKnownFileType = file; path = "Poppins-Medium.ttf"; sourceTree = "<group>"; };
		EFE6E43728E1DAE800B3F83D /* Poppins-Bold.ttf */ = {isa = PBXFileReference; lastKnownFileType = file; path = "Poppins-Bold.ttf"; sourceTree = "<group>"; };
		EFE6E43928E1DAE900B3F83D /* Poppins-ExtraBoldItalic.ttf */ = {isa = PBXFileReference; lastKnownFileType = file; path = "Poppins-ExtraBoldItalic.ttf"; sourceTree = "<group>"; };
		EFE6E43A28E1DAE900B3F83D /* Poppins-ExtraLightItalic.ttf */ = {isa = PBXFileReference; lastKnownFileType = file; path = "Poppins-ExtraLightItalic.ttf"; sourceTree = "<group>"; };
		EFE6E44D28E1DB3A00B3F83D /* Poppins-ThinItalic.ttf */ = {isa = PBXFileReference; lastKnownFileType = file; path = "Poppins-ThinItalic.ttf"; sourceTree = "<group>"; };
		EFE6E44F28E1DB5000B3F83D /* Poppins-BoldItalic.ttf */ = {isa = PBXFileReference; lastKnownFileType = file; path = "Poppins-BoldItalic.ttf"; sourceTree = "<group>"; };
		EFE6E45528E1F2A500B3F83D /* en */ = {isa = PBXFileReference; lastKnownFileType = file; name = en; path = "en.lproj/Poppins-Black.ttf"; sourceTree = "<group>"; };
		EFE6E45728E1F2AE00B3F83D /* Base */ = {isa = PBXFileReference; lastKnownFileType = file; name = Base; path = "Base.lproj/Poppins-Black.ttf"; sourceTree = "<group>"; };
		EFE6E45928E1F2BA00B3F83D /* Base */ = {isa = PBXFileReference; lastKnownFileType = file; name = Base; path = "Base.lproj/Poppins-BlackItalic.ttf"; sourceTree = "<group>"; };
		EFE6E45B28E1F2BF00B3F83D /* en */ = {isa = PBXFileReference; lastKnownFileType = file; name = en; path = "en.lproj/Poppins-BlackItalic.ttf"; sourceTree = "<group>"; };
		EFE6E46028E1F5E300B3F83D /* en */ = {isa = PBXFileReference; lastKnownFileType = text.plist.strings; name = en; path = en.lproj/Localizable.strings; sourceTree = "<group>"; };
		EFE6E46228E2206A00B3F83D /* Font.swift */ = {isa = PBXFileReference; lastKnownFileType = sourcecode.swift; path = Font.swift; sourceTree = "<group>"; };
		EFE9288328E18C3A00675F28 /* Ed-Break.app */ = {isa = PBXFileReference; explicitFileType = wrapper.application; includeInIndex = 0; path = "Ed-Break.app"; sourceTree = BUILT_PRODUCTS_DIR; };
		EFE9288628E18C3A00675F28 /* Ed_BreakApp.swift */ = {isa = PBXFileReference; lastKnownFileType = sourcecode.swift; path = Ed_BreakApp.swift; sourceTree = "<group>"; };
		EFE9288828E18C3A00675F28 /* ContentView.swift */ = {isa = PBXFileReference; lastKnownFileType = sourcecode.swift; path = ContentView.swift; sourceTree = "<group>"; };
		EFE9288A28E18C3E00675F28 /* Assets.xcassets */ = {isa = PBXFileReference; lastKnownFileType = folder.assetcatalog; path = Assets.xcassets; sourceTree = "<group>"; };
/* End PBXFileReference section */

/* Begin PBXFrameworksBuildPhase section */
		EFE9288028E18C3A00675F28 /* Frameworks */ = {
			isa = PBXFrameworksBuildPhase;
			buildActionMask = 2147483647;
			files = (
				1BA30D5B28E79E0700926820 /* Moya in Frameworks */,
				1BA30D5928E79E0700926820 /* CombineMoya in Frameworks */,
				1BE60C3B28EEC0B8001943D1 /* CodeScanner in Frameworks */,
			);
			runOnlyForDeploymentPostprocessing = 0;
		};
/* End PBXFrameworksBuildPhase section */

/* Begin PBXGroup section */
		1B3581A828E6383B00612976 /* Parent */ = {
			isa = PBXGroup;
			children = (
				1B3581A928E6384800612976 /* FamilySharing */,
				1BA9DFB528E73332006980D1 /* ChildDetails */,
				1BEE80F828EB0CF2004F75CA /* QRCode */,
				1BEE80FE28EB5AE8004F75CA /* Children */,
			);
			path = Parent;
			sourceTree = "<group>";
		};
		1B3581A928E6384800612976 /* FamilySharing */ = {
			isa = PBXGroup;
			children = (
				1BA30D5428E79B1E00926820 /* Domain */,
				1BA30D4F28E7997300926820 /* ViewModel */,
				1BA30D4E28E7996700926820 /* Model */,
				1B3581AA28E6385700612976 /* View */,
			);
			path = FamilySharing;
			sourceTree = "<group>";
		};
		1B3581AA28E6385700612976 /* View */ = {
			isa = PBXGroup;
			children = (
				1B3581AB28E6387000612976 /* FamilySharingView.swift */,
				1BA9DFA928E7131D006980D1 /* FamilySharingCell.swift */,
				1BA9DFAB28E7206F006980D1 /* FamilySharingInfoCell.swift */,
			);
			path = View;
			sourceTree = "<group>";
		};
		1B445AEC28EC71E000B0B310 /* AsyncImage */ = {
			isa = PBXGroup;
			children = (
				1B445AED28EC71F700B0B310 /* AsynchronousImage.swift */,
				1B445AEF28EC725700B0B310 /* AsyncImageView.swift */,
			);
			path = AsyncImage;
			sourceTree = "<group>";
		};
		1B76B63B28EC249B00602003 /* Model */ = {
			isa = PBXGroup;
			children = (
				1B445AEA28EC531B00B0B310 /* ChildModel.swift */,
			);
			path = Model;
			sourceTree = "<group>";
		};
		1B76B63C28EC24A400602003 /* ViewModel */ = {
			isa = PBXGroup;
			children = (
				1B76B64928EC286800602003 /* ChildrenViewModeling.swift */,
				1B76B64B28EC289300602003 /* ChildrenViewModel.swift */,
			);
			path = ViewModel;
			sourceTree = "<group>";
		};
		1B76B63D28EC24AE00602003 /* Domain */ = {
			isa = PBXGroup;
			children = (
				1B76B63E28EC24CA00602003 /* Model */,
				1B76B63F28EC24D200602003 /* UseCase */,
				1B76B64028EC24DC00602003 /* Repository */,
			);
			path = Domain;
			sourceTree = "<group>";
		};
		1B76B63E28EC24CA00602003 /* Model */ = {
			isa = PBXGroup;
			children = (
				1B445AE828EC3DA700B0B310 /* PagingDto.swift */,
			);
			path = Model;
			sourceTree = "<group>";
		};
		1B76B63F28EC24D200602003 /* UseCase */ = {
			isa = PBXGroup;
			children = (
				1B76B64528EC26B800602003 /* ChildrenUseCase.swift */,
				1B76B64728EC26EC00602003 /* GetChildrenUseCase.swift */,
			);
			path = UseCase;
			sourceTree = "<group>";
		};
		1B76B64028EC24DC00602003 /* Repository */ = {
			isa = PBXGroup;
			children = (
				1B76B64128EC250400602003 /* ChildrenRoute.swift */,
				1B76B64328EC266100602003 /* ChildrenRepository.swift */,
			);
			path = Repository;
			sourceTree = "<group>";
		};
		1B7C09F028EAC10F001DB6A1 /* Domain */ = {
			isa = PBXGroup;
			children = (
				1B7C09F128EAC11B001DB6A1 /* Model */,
				1B7C09F328EAC131001DB6A1 /* UseCase */,
				1B7C09F428EAC13C001DB6A1 /* Repository */,
			);
			path = Domain;
			sourceTree = "<group>";
		};
		1B7C09F128EAC11B001DB6A1 /* Model */ = {
			isa = PBXGroup;
			children = (
				1B7C09F728EAC21E001DB6A1 /* CreateChildPayload.swift */,
			);
			path = Model;
			sourceTree = "<group>";
		};
		1B7C09F328EAC131001DB6A1 /* UseCase */ = {
			isa = PBXGroup;
			children = (
				1BEE80F428EACB24004F75CA /* ChildDetailsUseCase.swift */,
				1BEE80F628EAD13D004F75CA /* AddChildUseCase.swift */,
			);
			path = UseCase;
			sourceTree = "<group>";
		};
		1B7C09F428EAC13C001DB6A1 /* Repository */ = {
			isa = PBXGroup;
			children = (
				1B7C09F528EAC170001DB6A1 /* ChildDetailsRoute.swift */,
				1BEE80F228EACA33004F75CA /* ChildDetailsRepository.swift */,
			);
			path = Repository;
			sourceTree = "<group>";
		};
		1BA30D4E28E7996700926820 /* Model */ = {
			isa = PBXGroup;
			children = (
				1BA30D7228E7A5AC00926820 /* TokenModel.swift */,
			);
			path = Model;
			sourceTree = "<group>";
		};
		1BA30D4F28E7997300926820 /* ViewModel */ = {
			isa = PBXGroup;
			children = (
				1BA30D5028E79A4200926820 /* FamilySharingViewModel.swift */,
				1BA30D5228E79A8E00926820 /* FamilySharingViewModeling.swift */,
			);
			path = ViewModel;
			sourceTree = "<group>";
		};
		1BA30D5428E79B1E00926820 /* Domain */ = {
			isa = PBXGroup;
			children = (
				1BA30D6828E7A22700926820 /* Model */,
				1BA30D5628E79B3600926820 /* UseCase */,
				1BA30D5528E79B2C00926820 /* Repository */,
			);
			path = Domain;
			sourceTree = "<group>";
		};
		1BA30D5528E79B2C00926820 /* Repository */ = {
			isa = PBXGroup;
			children = (
				1BA30D5C28E79E5700926820 /* FamilySharingRoute.swift */,
				1BA30D6628E7A1D700926820 /* FamilySharingRepository.swift */,
			);
			path = Repository;
			sourceTree = "<group>";
		};
		1BA30D5628E79B3600926820 /* UseCase */ = {
			isa = PBXGroup;
			children = (
				1BA30D7028E7A4D600926820 /* FamilySharingUseCase.swift */,
				1BA30D6E28E7A49B00926820 /* AddParentUseCase.swift */,
			);
			path = UseCase;
			sourceTree = "<group>";
		};
		1BA30D5E28E79E9000926820 /* Services */ = {
			isa = PBXGroup;
			children = (
				1BE72A2928E88FF600447167 /* UserDefaults Service */,
				1BA30D5F28E79EA200926820 /* RequestManager */,
			);
			path = Services;
			sourceTree = "<group>";
		};
		1BA30D5F28E79EA200926820 /* RequestManager */ = {
			isa = PBXGroup;
			children = (
				1BA30D6028E79EE100926820 /* RequestServices.swift */,
				1BA30D6228E79FD400926820 /* RequestServiceError.swift */,
				1BA30D6428E79FF400926820 /* BasicAuthenticationPlugin.swift */,
			);
			path = RequestManager;
			sourceTree = "<group>";
		};
		1BA30D6828E7A22700926820 /* Model */ = {
			isa = PBXGroup;
			children = (
				1BA30D6928E7A24400926820 /* TokensDto.swift */,
			);
			path = Model;
			sourceTree = "<group>";
		};
		1BA30D6B28E7A32D00926820 /* Shared */ = {
			isa = PBXGroup;
			children = (
				1BA30D6C28E7A34100926820 /* Moya+Extensions.swift */,
			);
			path = Shared;
			sourceTree = "<group>";
		};
		1BA9DFAD28E728E8006980D1 /* Button */ = {
			isa = PBXGroup;
			children = (
				1BA9DFAF28E7290A006980D1 /* ConfirmButton.swift */,
				1BA9DFB328E73001006980D1 /* NavigationButton.swift */,
				1BA9DFB128E72C73006980D1 /* CancelButton.swift */,
			);
			path = Button;
			sourceTree = "<group>";
		};
		1BA9DFB528E73332006980D1 /* ChildDetails */ = {
			isa = PBXGroup;
			children = (
				1B7C09F028EAC10F001DB6A1 /* Domain */,
				1BE72A3628E8A1DB00447167 /* ViewModel */,
				1BE72A2E28E8920300447167 /* View */,
			);
			path = ChildDetails;
			sourceTree = "<group>";
		};
		1BE72A2928E88FF600447167 /* UserDefaults Service */ = {
			isa = PBXGroup;
			children = (
				1BE72A2A28E8901000447167 /* UserDefaultsService.swift */,
				1BE72A2C28E8902300447167 /* UserDefaultsKeys.swift */,
			);
			path = "UserDefaults Service";
			sourceTree = "<group>";
		};
		1BE72A2E28E8920300447167 /* View */ = {
			isa = PBXGroup;
			children = (
				1BE72A2F28E8925400447167 /* ChildDetailsView.swift */,
			);
			path = View;
			sourceTree = "<group>";
		};
		1BE72A3128E8979800447167 /* TextField */ = {
			isa = PBXGroup;
			children = (
				1BE72A3428E8984600447167 /* CommonTextField.swift */,
				1BE5191B28E8E24A0067E8B1 /* PickerTextField.swift */,
			);
			path = TextField;
			sourceTree = "<group>";
		};
		1BE72A3628E8A1DB00447167 /* ViewModel */ = {
			isa = PBXGroup;
			children = (
				1BE72A3728E8A1F400447167 /* ChildDetailsViewModel.swift */,
				1BE72A3928E8A20100447167 /* ChildDetailsViewModeling.swift */,
			);
			path = ViewModel;
			sourceTree = "<group>";
		};
		1BE72A3B28E8AD9E00447167 /* ImagePicker */ = {
			isa = PBXGroup;
			children = (
				1BE72A3C28E8ADB100447167 /* ImagePicker.swift */,
			);
			path = ImagePicker;
			sourceTree = "<group>";
		};
		1BE72A3F28E8D66F00447167 /* ImageUploadView */ = {
			isa = PBXGroup;
			children = (
				1BE72A4028E8D69900447167 /* ImageUploadView.swift */,
			);
			path = ImageUploadView;
			sourceTree = "<group>";
		};
		1BEE80F828EB0CF2004F75CA /* QRCode */ = {
			isa = PBXGroup;
			children = (
				1BEE80F928EB1CE5004F75CA /* View */,
			);
			path = QRCode;
			sourceTree = "<group>";
		};
		1BEE80F928EB1CE5004F75CA /* View */ = {
			isa = PBXGroup;
			children = (
				1BEE80FC28EB1D29004F75CA /* QRCodeView.swift */,
			);
			path = View;
			sourceTree = "<group>";
		};
		1BEE80FE28EB5AE8004F75CA /* Children */ = {
			isa = PBXGroup;
			children = (
				1B76B63D28EC24AE00602003 /* Domain */,
				1B76B63C28EC24A400602003 /* ViewModel */,
				1B76B63B28EC249B00602003 /* Model */,
				1BEE80FF28EB5B1B004F75CA /* View */,
			);
			path = Children;
			sourceTree = "<group>";
		};
		1BEE80FF28EB5B1B004F75CA /* View */ = {
			isa = PBXGroup;
			children = (
				1BEE810028EB5B2E004F75CA /* ChildrenView.swift */,
				1BEE810228EB5CB8004F75CA /* ChildCell.swift */,
			);
			path = View;
			sourceTree = "<group>";
		};
		1BF313AE28E2F53000232CB3 /* Utils */ = {
			isa = PBXGroup;
			children = (
				1B445AEC28EC71E000B0B310 /* AsyncImage */,
				1BE72A3B28E8AD9E00447167 /* ImagePicker */,
				1BA30D6B28E7A32D00926820 /* Shared */,
			);
			path = Utils;
			sourceTree = "<group>";
		};
		EF43B69628E1981700DBE6B6 /* Launching */ = {
			isa = PBXGroup;
			children = (
				EF43B69728E1982E00DBE6B6 /* LaunchScreen.storyboard */,
			);
			path = Launching;
			sourceTree = "<group>";
		};
		EF43B69B28E19BCE00DBE6B6 /* OnboardingRole */ = {
			isa = PBXGroup;
			children = (
				EF43B69C28E19D3600DBE6B6 /* View */,
			);
			path = OnboardingRole;
			sourceTree = "<group>";
		};
		EF43B69C28E19D3600DBE6B6 /* View */ = {
			isa = PBXGroup;
			children = (
				EF43B69D28E19D5E00DBE6B6 /* OnboardingRole.swift */,
				1B3581A628E621E600612976 /* OnboardingRoleCell.swift */,
			);
			path = View;
			sourceTree = "<group>";
		};
		EF43B69F28E19E5500DBE6B6 /* Common */ = {
			isa = PBXGroup;
			children = (
				1BE72A3F28E8D66F00447167 /* ImageUploadView */,
				1BE72A3128E8979800447167 /* TextField */,
				1BA9DFAD28E728E8006980D1 /* Button */,
				EF43B6A028E19E5D00DBE6B6 /* MainBackground */,
			);
			path = Common;
			sourceTree = "<group>";
		};
		EF43B6A028E19E5D00DBE6B6 /* MainBackground */ = {
			isa = PBXGroup;
			children = (
				EF43B6A328E19EF800DBE6B6 /* View */,
			);
			path = MainBackground;
			sourceTree = "<group>";
		};
		EF43B6A328E19EF800DBE6B6 /* View */ = {
			isa = PBXGroup;
			children = (
				EF43B6A128E19EF000DBE6B6 /* MainBackground.swift */,
			);
			path = View;
			sourceTree = "<group>";
		};
		EF43B6A428E19F6800DBE6B6 /* Colors */ = {
			isa = PBXGroup;
			children = (
				EF43B69928E1986F00DBE6B6 /* Colors.xcassets */,
				EF43B6A528E19F8400DBE6B6 /* Color.swift */,
			);
			path = Colors;
			sourceTree = "<group>";
		};
		EF43B6A728E1A5E600DBE6B6 /* Images */ = {
			isa = PBXGroup;
			children = (
				EFE9288A28E18C3E00675F28 /* Assets.xcassets */,
				EFE6E42728E1A67A00B3F83D /* Image.swift */,
			);
			path = Images;
			sourceTree = "<group>";
		};
		EF51A11428E190FA0020F135 /* Preview Content */ = {
			isa = PBXGroup;
			children = (
				EF51A11528E190FA0020F135 /* Preview Assets.xcassets */,
			);
			path = "Preview Content";
			sourceTree = "<group>";
		};
		EF51A11728E1916C0020F135 /* Onboarding */ = {
			isa = PBXGroup;
			children = (
				EF43B69B28E19BCE00DBE6B6 /* OnboardingRole */,
				1B3581A828E6383B00612976 /* Parent */,
			);
			path = Onboarding;
			sourceTree = "<group>";
		};
		EFE6E45028E1DB6100B3F83D /* Poppins */ = {
			isa = PBXGroup;
			children = (
				EFE6E45628E1F2A500B3F83D /* Poppins-Black.ttf */,
				EFE6E45A28E1F2BA00B3F83D /* Poppins-BlackItalic.ttf */,
				EFE6E43728E1DAE800B3F83D /* Poppins-Bold.ttf */,
				EFE6E43328E1DAE600B3F83D /* Poppins-ExtraBold.ttf */,
				EFE6E43928E1DAE900B3F83D /* Poppins-ExtraBoldItalic.ttf */,
				EFE6E44F28E1DB5000B3F83D /* Poppins-BoldItalic.ttf */,
				EFE6E43528E1DAE700B3F83D /* Poppins-ExtraLight.ttf */,
				EFE6E43A28E1DAE900B3F83D /* Poppins-ExtraLightItalic.ttf */,
				EFE6E42A28E1DAE100B3F83D /* Poppins-Italic.ttf */,
				EFE6E42B28E1DAE200B3F83D /* Poppins-Light.ttf */,
				EFE6E42E28E1DAE300B3F83D /* Poppins-LightItalic.ttf */,
				EFE6E43628E1DAE700B3F83D /* Poppins-Medium.ttf */,
				EFE6E43228E1DAE500B3F83D /* Poppins-MediumItalic.ttf */,
				EFE6E43428E1DAE700B3F83D /* Poppins-Regular.ttf */,
				EFE6E43128E1DAE500B3F83D /* Poppins-SemiBold.ttf */,
				EFE6E42F28E1DAE300B3F83D /* Poppins-SemiBoldItalic.ttf */,
				EFE6E42C28E1DAE200B3F83D /* Poppins-Thin.ttf */,
				EFE6E44D28E1DB3A00B3F83D /* Poppins-ThinItalic.ttf */,
			);
			path = Poppins;
			sourceTree = "<group>";
		};
		EFE6E45128E1DB7400B3F83D /* Fonts */ = {
			isa = PBXGroup;
			children = (
				EFE6E45028E1DB6100B3F83D /* Poppins */,
				EFE6E46228E2206A00B3F83D /* Font.swift */,
			);
			path = Fonts;
			sourceTree = "<group>";
		};
		EFE6E45C28E1F5BA00B3F83D /* Localizations */ = {
			isa = PBXGroup;
			children = (
				EFE6E46128E1F5E300B3F83D /* Localizable.strings */,
			);
			path = Localizations;
			sourceTree = "<group>";
		};
		EFE9287A28E18C3A00675F28 = {
			isa = PBXGroup;
			children = (
				EFE9288528E18C3A00675F28 /* Ed-Break */,
				EFE9288428E18C3A00675F28 /* Products */,
			);
			sourceTree = "<group>";
		};
		EFE9288428E18C3A00675F28 /* Products */ = {
			isa = PBXGroup;
			children = (
				EFE9288328E18C3A00675F28 /* Ed-Break.app */,
			);
			name = Products;
			sourceTree = "<group>";
		};
		EFE9288528E18C3A00675F28 /* Ed-Break */ = {
			isa = PBXGroup;
			children = (
				1BA30D5E28E79E9000926820 /* Services */,
				EFE9289428E18F6D00675F28 /* Modules */,
				1BF313AE28E2F53000232CB3 /* Utils */,
				EFE9289528E18FC000675F28 /* Resources */,
				EFE9289628E1900200675F28 /* App */,
			);
			path = "Ed-Break";
			sourceTree = "<group>";
		};
		EFE9289428E18F6D00675F28 /* Modules */ = {
			isa = PBXGroup;
			children = (
				EF43B69628E1981700DBE6B6 /* Launching */,
				EF51A11728E1916C0020F135 /* Onboarding */,
				EFE9288828E18C3A00675F28 /* ContentView.swift */,
				EF43B69F28E19E5500DBE6B6 /* Common */,
			);
			path = Modules;
			sourceTree = "<group>";
		};
		EFE9289528E18FC000675F28 /* Resources */ = {
			isa = PBXGroup;
			children = (
				EFE6E45C28E1F5BA00B3F83D /* Localizations */,
				EF43B6A428E19F6800DBE6B6 /* Colors */,
				EF43B6A728E1A5E600DBE6B6 /* Images */,
				EFE6E45128E1DB7400B3F83D /* Fonts */,
				EF51A11428E190FA0020F135 /* Preview Content */,
			);
			path = Resources;
			sourceTree = "<group>";
		};
		EFE9289628E1900200675F28 /* App */ = {
			isa = PBXGroup;
			children = (
				EFE9288628E18C3A00675F28 /* Ed_BreakApp.swift */,
			);
			path = App;
			sourceTree = "<group>";
		};
/* End PBXGroup section */

/* Begin PBXNativeTarget section */
		EFE9288228E18C3A00675F28 /* Ed-Break */ = {
			isa = PBXNativeTarget;
			buildConfigurationList = EFE9289128E18C3E00675F28 /* Build configuration list for PBXNativeTarget "Ed-Break" */;
			buildPhases = (
				EFE9287F28E18C3A00675F28 /* Sources */,
				EFE9288028E18C3A00675F28 /* Frameworks */,
				EFE9288128E18C3A00675F28 /* Resources */,
			);
			buildRules = (
			);
			dependencies = (
			);
			name = "Ed-Break";
			packageProductDependencies = (
				1BA30D5828E79E0700926820 /* CombineMoya */,
				1BA30D5A28E79E0700926820 /* Moya */,
				1BE60C3A28EEC0B8001943D1 /* CodeScanner */,
			);
			productName = "Ed-Break";
			productReference = EFE9288328E18C3A00675F28 /* Ed-Break.app */;
			productType = "com.apple.product-type.application";
		};
/* End PBXNativeTarget section */

/* Begin PBXProject section */
		EFE9287B28E18C3A00675F28 /* Project object */ = {
			isa = PBXProject;
			attributes = {
				BuildIndependentTargetsInParallel = 1;
				LastSwiftUpdateCheck = 1400;
				LastUpgradeCheck = 1400;
				TargetAttributes = {
					EFE9288228E18C3A00675F28 = {
						CreatedOnToolsVersion = 14.0;
					};
				};
			};
			buildConfigurationList = EFE9287E28E18C3A00675F28 /* Build configuration list for PBXProject "Ed-Break" */;
			compatibilityVersion = "Xcode 14.0";
			developmentRegion = en;
			hasScannedForEncodings = 0;
			knownRegions = (
				en,
				Base,
			);
			mainGroup = EFE9287A28E18C3A00675F28;
			packageReferences = (
				1BA30D5728E79E0700926820 /* XCRemoteSwiftPackageReference "Moya" */,
				1BE60C3928EEC0B8001943D1 /* XCRemoteSwiftPackageReference "CodeScanner" */,
			);
			productRefGroup = EFE9288428E18C3A00675F28 /* Products */;
			projectDirPath = "";
			projectRoot = "";
			targets = (
				EFE9288228E18C3A00675F28 /* Ed-Break */,
			);
		};
/* End PBXProject section */

/* Begin PBXResourcesBuildPhase section */
		EFE9288128E18C3A00675F28 /* Resources */ = {
			isa = PBXResourcesBuildPhase;
			buildActionMask = 2147483647;
			files = (
				EFE6E45428E1F2A500B3F83D /* Poppins-Black.ttf in Resources */,
				EFE6E44728E1DAEA00B3F83D /* Poppins-ExtraLight.ttf in Resources */,
				EFE6E45F28E1F5E300B3F83D /* Localizable.strings in Resources */,
				EFE6E44528E1DAEA00B3F83D /* Poppins-ExtraBold.ttf in Resources */,
				EFE6E44E28E1DB3A00B3F83D /* Poppins-ThinItalic.ttf in Resources */,
				EFE6E44B28E1DAEA00B3F83D /* Poppins-ExtraBoldItalic.ttf in Resources */,
				EFE6E44128E1DAEA00B3F83D /* Poppins-SemiBoldItalic.ttf in Resources */,
				EFE6E44C28E1DAEA00B3F83D /* Poppins-ExtraLightItalic.ttf in Resources */,
				EFE6E44028E1DAEA00B3F83D /* Poppins-LightItalic.ttf in Resources */,
				EFE6E44928E1DAEA00B3F83D /* Poppins-Bold.ttf in Resources */,
				EFE6E44328E1DAEA00B3F83D /* Poppins-SemiBold.ttf in Resources */,
				EFE6E44428E1DAEA00B3F83D /* Poppins-MediumItalic.ttf in Resources */,
				EFE6E44628E1DAEA00B3F83D /* Poppins-Regular.ttf in Resources */,
				EFE6E43D28E1DAEA00B3F83D /* Poppins-Light.ttf in Resources */,
				EFE6E43C28E1DAEA00B3F83D /* Poppins-Italic.ttf in Resources */,
				EFE6E45828E1F2BA00B3F83D /* Poppins-BlackItalic.ttf in Resources */,
				EF43B69828E1982E00DBE6B6 /* LaunchScreen.storyboard in Resources */,
				EF43B69A28E1986F00DBE6B6 /* Colors.xcassets in Resources */,
				EFE6E43E28E1DAEA00B3F83D /* Poppins-Thin.ttf in Resources */,
				EFE6E44828E1DAEA00B3F83D /* Poppins-Medium.ttf in Resources */,
				EF51A11628E190FA0020F135 /* Preview Assets.xcassets in Resources */,
				EFE9288B28E18C3E00675F28 /* Assets.xcassets in Resources */,
			);
			runOnlyForDeploymentPostprocessing = 0;
		};
/* End PBXResourcesBuildPhase section */

/* Begin PBXSourcesBuildPhase section */
		EFE9287F28E18C3A00675F28 /* Sources */ = {
			isa = PBXSourcesBuildPhase;
			buildActionMask = 2147483647;
			files = (
				1BA30D6D28E7A34100926820 /* Moya+Extensions.swift in Sources */,
				1B3581A728E621E600612976 /* OnboardingRoleCell.swift in Sources */,
				1BA9DFAC28E7206F006980D1 /* FamilySharingInfoCell.swift in Sources */,
				1BE72A3028E8925400447167 /* ChildDetailsView.swift in Sources */,
				1BA30D5328E79A8E00926820 /* FamilySharingViewModeling.swift in Sources */,
				EF43B6A228E19EF000DBE6B6 /* MainBackground.swift in Sources */,
				EFE6E42828E1A67A00B3F83D /* Image.swift in Sources */,
				1BA30D6128E79EE100926820 /* RequestServices.swift in Sources */,
				1BEE80F528EACB24004F75CA /* ChildDetailsUseCase.swift in Sources */,
				1BA9DFB228E72C73006980D1 /* CancelButton.swift in Sources */,
				1BE72A2D28E8902300447167 /* UserDefaultsKeys.swift in Sources */,
				1BA30D6A28E7A24400926820 /* TokensDto.swift in Sources */,
				1B76B64C28EC289300602003 /* ChildrenViewModel.swift in Sources */,
				1BE5191C28E8E24A0067E8B1 /* PickerTextField.swift in Sources */,
				1BA30D6528E79FF400926820 /* BasicAuthenticationPlugin.swift in Sources */,
				1BEE80F728EAD13D004F75CA /* AddChildUseCase.swift in Sources */,
				1BEE80FD28EB1D29004F75CA /* QRCodeView.swift in Sources */,
				EFE6E46328E2206A00B3F83D /* Font.swift in Sources */,
				1BE72A3A28E8A20100447167 /* ChildDetailsViewModeling.swift in Sources */,
				EF43B69E28E19D5E00DBE6B6 /* OnboardingRole.swift in Sources */,
				1BA9DFB428E73001006980D1 /* NavigationButton.swift in Sources */,
				1B445AF028EC725700B0B310 /* AsyncImageView.swift in Sources */,
				1B76B64628EC26B800602003 /* ChildrenUseCase.swift in Sources */,
				1B7C09F828EAC21E001DB6A1 /* CreateChildPayload.swift in Sources */,
				1BEE810328EB5CB8004F75CA /* ChildCell.swift in Sources */,
				1B445AEE28EC71F700B0B310 /* AsynchronousImage.swift in Sources */,
				1BA30D6328E79FD400926820 /* RequestServiceError.swift in Sources */,
				1B76B64A28EC286800602003 /* ChildrenViewModeling.swift in Sources */,
				EFE9288928E18C3A00675F28 /* ContentView.swift in Sources */,
				1BE72A3D28E8ADB100447167 /* ImagePicker.swift in Sources */,
				1BE72A2B28E8901000447167 /* UserDefaultsService.swift in Sources */,
				1BE72A3528E8984600447167 /* CommonTextField.swift in Sources */,
				1BA30D5128E79A4200926820 /* FamilySharingViewModel.swift in Sources */,
				1B76B64428EC266100602003 /* ChildrenRepository.swift in Sources */,
				EF43B6A628E19F8400DBE6B6 /* Color.swift in Sources */,
				1B445AEB28EC531B00B0B310 /* ChildModel.swift in Sources */,
				1BE72A4128E8D69900447167 /* ImageUploadView.swift in Sources */,
				1BA30D7128E7A4D600926820 /* FamilySharingUseCase.swift in Sources */,
				1BA9DFB028E7290A006980D1 /* ConfirmButton.swift in Sources */,
				1BE72A3828E8A1F400447167 /* ChildDetailsViewModel.swift in Sources */,
				EFE9288728E18C3A00675F28 /* Ed_BreakApp.swift in Sources */,
				1BEE810128EB5B2E004F75CA /* ChildrenView.swift in Sources */,
				1B445AE928EC3DA700B0B310 /* PagingDto.swift in Sources */,
				1BA30D5D28E79E5700926820 /* FamilySharingRoute.swift in Sources */,
				1BEE80F328EACA33004F75CA /* ChildDetailsRepository.swift in Sources */,
				1B76B64828EC26EC00602003 /* GetChildrenUseCase.swift in Sources */,
				1BA9DFAA28E7131D006980D1 /* FamilySharingCell.swift in Sources */,
				1B7C09F628EAC170001DB6A1 /* ChildDetailsRoute.swift in Sources */,
				1BA30D6F28E7A49B00926820 /* AddParentUseCase.swift in Sources */,
				1BA30D6728E7A1D700926820 /* FamilySharingRepository.swift in Sources */,
				1B3581AC28E6387000612976 /* FamilySharingView.swift in Sources */,
				1B76B64228EC250400602003 /* ChildrenRoute.swift in Sources */,
				1BA30D7328E7A5AC00926820 /* TokenModel.swift in Sources */,
			);
			runOnlyForDeploymentPostprocessing = 0;
		};
/* End PBXSourcesBuildPhase section */

/* Begin PBXVariantGroup section */
		EFE6E45628E1F2A500B3F83D /* Poppins-Black.ttf */ = {
			isa = PBXVariantGroup;
			children = (
				EFE6E45528E1F2A500B3F83D /* en */,
				EFE6E45728E1F2AE00B3F83D /* Base */,
			);
			name = "Poppins-Black.ttf";
			sourceTree = "<group>";
		};
		EFE6E45A28E1F2BA00B3F83D /* Poppins-BlackItalic.ttf */ = {
			isa = PBXVariantGroup;
			children = (
				EFE6E45928E1F2BA00B3F83D /* Base */,
				EFE6E45B28E1F2BF00B3F83D /* en */,
			);
			name = "Poppins-BlackItalic.ttf";
			sourceTree = "<group>";
		};
		EFE6E46128E1F5E300B3F83D /* Localizable.strings */ = {
			isa = PBXVariantGroup;
			children = (
				EFE6E46028E1F5E300B3F83D /* en */,
			);
			name = Localizable.strings;
			sourceTree = "<group>";
		};
/* End PBXVariantGroup section */

/* Begin XCBuildConfiguration section */
		EFE9288F28E18C3E00675F28 /* Debug */ = {
			isa = XCBuildConfiguration;
			buildSettings = {
				ALWAYS_SEARCH_USER_PATHS = NO;
				CLANG_ANALYZER_NONNULL = YES;
				CLANG_ANALYZER_NUMBER_OBJECT_CONVERSION = YES_AGGRESSIVE;
				CLANG_CXX_LANGUAGE_STANDARD = "gnu++20";
				CLANG_ENABLE_MODULES = YES;
				CLANG_ENABLE_OBJC_ARC = YES;
				CLANG_ENABLE_OBJC_WEAK = YES;
				CLANG_WARN_BLOCK_CAPTURE_AUTORELEASING = YES;
				CLANG_WARN_BOOL_CONVERSION = YES;
				CLANG_WARN_COMMA = YES;
				CLANG_WARN_CONSTANT_CONVERSION = YES;
				CLANG_WARN_DEPRECATED_OBJC_IMPLEMENTATIONS = YES;
				CLANG_WARN_DIRECT_OBJC_ISA_USAGE = YES_ERROR;
				CLANG_WARN_DOCUMENTATION_COMMENTS = YES;
				CLANG_WARN_EMPTY_BODY = YES;
				CLANG_WARN_ENUM_CONVERSION = YES;
				CLANG_WARN_INFINITE_RECURSION = YES;
				CLANG_WARN_INT_CONVERSION = YES;
				CLANG_WARN_NON_LITERAL_NULL_CONVERSION = YES;
				CLANG_WARN_OBJC_IMPLICIT_RETAIN_SELF = YES;
				CLANG_WARN_OBJC_LITERAL_CONVERSION = YES;
				CLANG_WARN_OBJC_ROOT_CLASS = YES_ERROR;
				CLANG_WARN_QUOTED_INCLUDE_IN_FRAMEWORK_HEADER = YES;
				CLANG_WARN_RANGE_LOOP_ANALYSIS = YES;
				CLANG_WARN_STRICT_PROTOTYPES = YES;
				CLANG_WARN_SUSPICIOUS_MOVE = YES;
				CLANG_WARN_UNGUARDED_AVAILABILITY = YES_AGGRESSIVE;
				CLANG_WARN_UNREACHABLE_CODE = YES;
				CLANG_WARN__DUPLICATE_METHOD_MATCH = YES;
				COPY_PHASE_STRIP = NO;
				DEBUG_INFORMATION_FORMAT = dwarf;
				ENABLE_STRICT_OBJC_MSGSEND = YES;
				ENABLE_TESTABILITY = YES;
				GCC_C_LANGUAGE_STANDARD = gnu11;
				GCC_DYNAMIC_NO_PIC = NO;
				GCC_NO_COMMON_BLOCKS = YES;
				GCC_OPTIMIZATION_LEVEL = 0;
				GCC_PREPROCESSOR_DEFINITIONS = (
					"DEBUG=1",
					"$(inherited)",
				);
				GCC_WARN_64_TO_32_BIT_CONVERSION = YES;
				GCC_WARN_ABOUT_RETURN_TYPE = YES_ERROR;
				GCC_WARN_UNDECLARED_SELECTOR = YES;
				GCC_WARN_UNINITIALIZED_AUTOS = YES_AGGRESSIVE;
				GCC_WARN_UNUSED_FUNCTION = YES;
				GCC_WARN_UNUSED_VARIABLE = YES;
				INFOPLIST_FILE = "Ed-Break/App/info.plist";
				IPHONEOS_DEPLOYMENT_TARGET = 16.0;
				MTL_ENABLE_DEBUG_INFO = INCLUDE_SOURCE;
				MTL_FAST_MATH = YES;
				ONLY_ACTIVE_ARCH = YES;
				SDKROOT = iphoneos;
				SWIFT_ACTIVE_COMPILATION_CONDITIONS = DEBUG;
				SWIFT_OPTIMIZATION_LEVEL = "-Onone";
			};
			name = Debug;
		};
		EFE9289028E18C3E00675F28 /* Release */ = {
			isa = XCBuildConfiguration;
			buildSettings = {
				ALWAYS_SEARCH_USER_PATHS = NO;
				CLANG_ANALYZER_NONNULL = YES;
				CLANG_ANALYZER_NUMBER_OBJECT_CONVERSION = YES_AGGRESSIVE;
				CLANG_CXX_LANGUAGE_STANDARD = "gnu++20";
				CLANG_ENABLE_MODULES = YES;
				CLANG_ENABLE_OBJC_ARC = YES;
				CLANG_ENABLE_OBJC_WEAK = YES;
				CLANG_WARN_BLOCK_CAPTURE_AUTORELEASING = YES;
				CLANG_WARN_BOOL_CONVERSION = YES;
				CLANG_WARN_COMMA = YES;
				CLANG_WARN_CONSTANT_CONVERSION = YES;
				CLANG_WARN_DEPRECATED_OBJC_IMPLEMENTATIONS = YES;
				CLANG_WARN_DIRECT_OBJC_ISA_USAGE = YES_ERROR;
				CLANG_WARN_DOCUMENTATION_COMMENTS = YES;
				CLANG_WARN_EMPTY_BODY = YES;
				CLANG_WARN_ENUM_CONVERSION = YES;
				CLANG_WARN_INFINITE_RECURSION = YES;
				CLANG_WARN_INT_CONVERSION = YES;
				CLANG_WARN_NON_LITERAL_NULL_CONVERSION = YES;
				CLANG_WARN_OBJC_IMPLICIT_RETAIN_SELF = YES;
				CLANG_WARN_OBJC_LITERAL_CONVERSION = YES;
				CLANG_WARN_OBJC_ROOT_CLASS = YES_ERROR;
				CLANG_WARN_QUOTED_INCLUDE_IN_FRAMEWORK_HEADER = YES;
				CLANG_WARN_RANGE_LOOP_ANALYSIS = YES;
				CLANG_WARN_STRICT_PROTOTYPES = YES;
				CLANG_WARN_SUSPICIOUS_MOVE = YES;
				CLANG_WARN_UNGUARDED_AVAILABILITY = YES_AGGRESSIVE;
				CLANG_WARN_UNREACHABLE_CODE = YES;
				CLANG_WARN__DUPLICATE_METHOD_MATCH = YES;
				COPY_PHASE_STRIP = NO;
				DEBUG_INFORMATION_FORMAT = "dwarf-with-dsym";
				ENABLE_NS_ASSERTIONS = NO;
				ENABLE_STRICT_OBJC_MSGSEND = YES;
				GCC_C_LANGUAGE_STANDARD = gnu11;
				GCC_NO_COMMON_BLOCKS = YES;
				GCC_WARN_64_TO_32_BIT_CONVERSION = YES;
				GCC_WARN_ABOUT_RETURN_TYPE = YES_ERROR;
				GCC_WARN_UNDECLARED_SELECTOR = YES;
				GCC_WARN_UNINITIALIZED_AUTOS = YES_AGGRESSIVE;
				GCC_WARN_UNUSED_FUNCTION = YES;
				GCC_WARN_UNUSED_VARIABLE = YES;
				INFOPLIST_FILE = "Ed-Break/App/info.plist";
				IPHONEOS_DEPLOYMENT_TARGET = 16.0;
				MTL_ENABLE_DEBUG_INFO = NO;
				MTL_FAST_MATH = YES;
				SDKROOT = iphoneos;
				SWIFT_COMPILATION_MODE = wholemodule;
				SWIFT_OPTIMIZATION_LEVEL = "-O";
				VALIDATE_PRODUCT = YES;
			};
			name = Release;
		};
		EFE9289228E18C3E00675F28 /* Debug */ = {
			isa = XCBuildConfiguration;
			buildSettings = {
				ASSETCATALOG_COMPILER_APPICON_NAME = AppIcon;
				ASSETCATALOG_COMPILER_GLOBAL_ACCENT_COLOR_NAME = AccentColor;
				ASSETCATALOG_COMPILER_INCLUDE_ALL_APPICON_ASSETS = YES;
				CODE_SIGN_STYLE = Automatic;
				CURRENT_PROJECT_VERSION = 2;
				DEVELOPMENT_ASSET_PATHS = "\"Ed-Break/Resources/Preview Content\"";
				DEVELOPMENT_TEAM = 59UY34K59P;
				ENABLE_PREVIEWS = YES;
				GENERATE_INFOPLIST_FILE = NO;
				INFOPLIST_FILE = "Ed-Break/App/info.plist";
				INFOPLIST_KEY_CFBundleDisplayName = "Ed Break";
				INFOPLIST_KEY_UIApplicationSceneManifest_Generation = YES;
				INFOPLIST_KEY_UIApplicationSupportsIndirectInputEvents = YES;
				INFOPLIST_KEY_UILaunchScreen_Generation = YES;
				INFOPLIST_KEY_UILaunchStoryboardName = LaunchScreen.storyboard;
				INFOPLIST_KEY_UISupportedInterfaceOrientations = UIInterfaceOrientationPortrait;
				INFOPLIST_KEY_UISupportedInterfaceOrientations_iPad = "UIInterfaceOrientationLandscapeLeft UIInterfaceOrientationLandscapeRight UIInterfaceOrientationPortrait UIInterfaceOrientationPortraitUpsideDown";
				IPHONEOS_DEPLOYMENT_TARGET = 14.0;
				LD_RUNPATH_SEARCH_PATHS = (
					"$(inherited)",
					"@executable_path/Frameworks",
				);
				MARKETING_VERSION = 1.0;
				PRODUCT_BUNDLE_IDENTIFIER = com.au.edbreak;
				PRODUCT_NAME = "$(TARGET_NAME)";
				SWIFT_EMIT_LOC_STRINGS = YES;
				SWIFT_VERSION = 5.0;
				TARGETED_DEVICE_FAMILY = "1,2";
			};
			name = Debug;
		};
		EFE9289328E18C3E00675F28 /* Release */ = {
			isa = XCBuildConfiguration;
			buildSettings = {
				ASSETCATALOG_COMPILER_APPICON_NAME = AppIcon;
				ASSETCATALOG_COMPILER_GLOBAL_ACCENT_COLOR_NAME = AccentColor;
				ASSETCATALOG_COMPILER_INCLUDE_ALL_APPICON_ASSETS = YES;
				CODE_SIGN_STYLE = Automatic;
				CURRENT_PROJECT_VERSION = 2;
				DEVELOPMENT_ASSET_PATHS = "\"Ed-Break/Resources/Preview Content\"";
				DEVELOPMENT_TEAM = 59UY34K59P;
				ENABLE_PREVIEWS = YES;
				GENERATE_INFOPLIST_FILE = NO;
				INFOPLIST_FILE = "Ed-Break/App/info.plist";
				INFOPLIST_KEY_CFBundleDisplayName = "Ed Break";
				INFOPLIST_KEY_UIApplicationSceneManifest_Generation = YES;
				INFOPLIST_KEY_UIApplicationSupportsIndirectInputEvents = YES;
				INFOPLIST_KEY_UILaunchScreen_Generation = YES;
				INFOPLIST_KEY_UILaunchStoryboardName = LaunchScreen.storyboard;
				INFOPLIST_KEY_UISupportedInterfaceOrientations = UIInterfaceOrientationPortrait;
				INFOPLIST_KEY_UISupportedInterfaceOrientations_iPad = "UIInterfaceOrientationLandscapeLeft UIInterfaceOrientationLandscapeRight UIInterfaceOrientationPortrait UIInterfaceOrientationPortraitUpsideDown";
				IPHONEOS_DEPLOYMENT_TARGET = 14.0;
				LD_RUNPATH_SEARCH_PATHS = (
					"$(inherited)",
					"@executable_path/Frameworks",
				);
				MARKETING_VERSION = 1.0;
				PRODUCT_BUNDLE_IDENTIFIER = com.au.edbreak;
				PRODUCT_NAME = "$(TARGET_NAME)";
				SWIFT_EMIT_LOC_STRINGS = YES;
				SWIFT_VERSION = 5.0;
				TARGETED_DEVICE_FAMILY = "1,2";
			};
			name = Release;
		};
/* End XCBuildConfiguration section */

/* Begin XCConfigurationList section */
		EFE9287E28E18C3A00675F28 /* Build configuration list for PBXProject "Ed-Break" */ = {
			isa = XCConfigurationList;
			buildConfigurations = (
				EFE9288F28E18C3E00675F28 /* Debug */,
				EFE9289028E18C3E00675F28 /* Release */,
			);
			defaultConfigurationIsVisible = 0;
			defaultConfigurationName = Release;
		};
		EFE9289128E18C3E00675F28 /* Build configuration list for PBXNativeTarget "Ed-Break" */ = {
			isa = XCConfigurationList;
			buildConfigurations = (
				EFE9289228E18C3E00675F28 /* Debug */,
				EFE9289328E18C3E00675F28 /* Release */,
			);
			defaultConfigurationIsVisible = 0;
			defaultConfigurationName = Release;
		};
/* End XCConfigurationList section */

/* Begin XCRemoteSwiftPackageReference section */
		1BA30D5728E79E0700926820 /* XCRemoteSwiftPackageReference "Moya" */ = {
			isa = XCRemoteSwiftPackageReference;
			repositoryURL = "https://github.com/Moya/Moya.git";
			requirement = {
				kind = upToNextMajorVersion;
				minimumVersion = 15.0.0;
			};
		};
		1BE60C3928EEC0B8001943D1 /* XCRemoteSwiftPackageReference "CodeScanner" */ = {
			isa = XCRemoteSwiftPackageReference;
			repositoryURL = "https://github.com/twostraws/CodeScanner";
			requirement = {
				kind = upToNextMajorVersion;
				minimumVersion = 2.0.0;
			};
		};
/* End XCRemoteSwiftPackageReference section */

/* Begin XCSwiftPackageProductDependency section */
		1BA30D5828E79E0700926820 /* CombineMoya */ = {
			isa = XCSwiftPackageProductDependency;
			package = 1BA30D5728E79E0700926820 /* XCRemoteSwiftPackageReference "Moya" */;
			productName = CombineMoya;
		};
		1BA30D5A28E79E0700926820 /* Moya */ = {
			isa = XCSwiftPackageProductDependency;
			package = 1BA30D5728E79E0700926820 /* XCRemoteSwiftPackageReference "Moya" */;
			productName = Moya;
		};
		1BE60C3A28EEC0B8001943D1 /* CodeScanner */ = {
			isa = XCSwiftPackageProductDependency;
			package = 1BE60C3928EEC0B8001943D1 /* XCRemoteSwiftPackageReference "CodeScanner" */;
			productName = CodeScanner;
		};
/* End XCSwiftPackageProductDependency section */
	};
	rootObject = EFE9287B28E18C3A00675F28 /* Project object */;
}
