// !$*UTF8*$!
{
	archiveVersion = 1;
	classes = {
	};
	objectVersion = 56;
	objects = {

/* Begin PBXBuildFile section */
		EF43B69828E1982E00DBE6B6 /* LaunchScreen.storyboard in Resources */ = {isa = PBXBuildFile; fileRef = EF43B69728E1982E00DBE6B6 /* LaunchScreen.storyboard */; };
		EF43B69A28E1986F00DBE6B6 /* Colors.xcassets in Resources */ = {isa = PBXBuildFile; fileRef = EF43B69928E1986F00DBE6B6 /* Colors.xcassets */; };
		EF51A11628E190FA0020F135 /* Preview Assets.xcassets in Resources */ = {isa = PBXBuildFile; fileRef = EF51A11528E190FA0020F135 /* Preview Assets.xcassets */; };
		EFE9288728E18C3A00675F28 /* Ed_BreakApp.swift in Sources */ = {isa = PBXBuildFile; fileRef = EFE9288628E18C3A00675F28 /* Ed_BreakApp.swift */; };
		EFE9288928E18C3A00675F28 /* ContentView.swift in Sources */ = {isa = PBXBuildFile; fileRef = EFE9288828E18C3A00675F28 /* ContentView.swift */; };
		EFE9288B28E18C3E00675F28 /* Assets.xcassets in Resources */ = {isa = PBXBuildFile; fileRef = EFE9288A28E18C3E00675F28 /* Assets.xcassets */; };
/* End PBXBuildFile section */

/* Begin PBXFileReference section */
		EF43B69728E1982E00DBE6B6 /* LaunchScreen.storyboard */ = {isa = PBXFileReference; lastKnownFileType = file.storyboard; path = LaunchScreen.storyboard; sourceTree = "<group>"; };
		EF43B69928E1986F00DBE6B6 /* Colors.xcassets */ = {isa = PBXFileReference; lastKnownFileType = folder.assetcatalog; path = Colors.xcassets; sourceTree = "<group>"; };
		EF51A11528E190FA0020F135 /* Preview Assets.xcassets */ = {isa = PBXFileReference; lastKnownFileType = folder.assetcatalog; path = "Preview Assets.xcassets"; sourceTree = "<group>"; };
		EFE9288328E18C3A00675F28 /* Ed-Break.app */ = {isa = PBXFileReference; explicitFileType = wrapper.application; includeInIndex = 0; path = "Ed-Break.app"; sourceTree = BUILT_PRODUCTS_DIR; };
		EFE9288628E18C3A00675F28 /* Ed_BreakApp.swift */ = {isa = PBXFileReference; lastKnownFileType = sourcecode.swift; path = Ed_BreakApp.swift; sourceTree = "<group>"; };
		EFE9288828E18C3A00675F28 /* ContentView.swift */ = {isa = PBXFileReference; lastKnownFileType = sourcecode.swift; path = ContentView.swift; sourceTree = "<group>"; };
		EFE9288A28E18C3E00675F28 /* Assets.xcassets */ = {isa = PBXFileReference; lastKnownFileType = folder.assetcatalog; path = Assets.xcassets; sourceTree = "<group>"; };
/* End PBXFileReference section */

/* Begin PBXFrameworksBuildPhase section */
		EFE9288028E18C3A00675F28 /* Frameworks */ = {
			isa = PBXFrameworksBuildPhase;
			buildActionMask = 2147483647;
			files = (
			);
			runOnlyForDeploymentPostprocessing = 0;
		};
/* End PBXFrameworksBuildPhase section */

/* Begin PBXGroup section */
		EF43B69628E1981700DBE6B6 /* Launching */ = {
			isa = PBXGroup;
			children = (
				EF43B69728E1982E00DBE6B6 /* LaunchScreen.storyboard */,
			);
			path = Launching;
			sourceTree = "<group>";
		};
		EF51A11428E190FA0020F135 /* Preview Content */ = {
			isa = PBXGroup;
			children = (
				EF51A11528E190FA0020F135 /* Preview Assets.xcassets */,
			);
			path = "Preview Content";
			sourceTree = "<group>";
		};
		EF51A11728E1916C0020F135 /* Onboarding */ = {
			isa = PBXGroup;
			children = (
			);
			path = Onboarding;
			sourceTree = "<group>";
		};
		EFE9287A28E18C3A00675F28 = {
			isa = PBXGroup;
			children = (
				EFE9288528E18C3A00675F28 /* Ed-Break */,
				EFE9288428E18C3A00675F28 /* Products */,
			);
			sourceTree = "<group>";
		};
		EFE9288428E18C3A00675F28 /* Products */ = {
			isa = PBXGroup;
			children = (
				EFE9288328E18C3A00675F28 /* Ed-Break.app */,
			);
			name = Products;
			sourceTree = "<group>";
		};
		EFE9288528E18C3A00675F28 /* Ed-Break */ = {
			isa = PBXGroup;
			children = (
				EFE9289428E18F6D00675F28 /* Modules */,
				EFE9289528E18FC000675F28 /* Resources */,
				EFE9289628E1900200675F28 /* App */,
			);
			path = "Ed-Break";
			sourceTree = "<group>";
		};
		EFE9289428E18F6D00675F28 /* Modules */ = {
			isa = PBXGroup;
			children = (
				EF43B69628E1981700DBE6B6 /* Launching */,
				EF51A11728E1916C0020F135 /* Onboarding */,
				EFE9288828E18C3A00675F28 /* ContentView.swift */,
			);
			path = Modules;
			sourceTree = "<group>";
		};
		EFE9289528E18FC000675F28 /* Resources */ = {
			isa = PBXGroup;
			children = (
				EFE9288A28E18C3E00675F28 /* Assets.xcassets */,
				EF43B69928E1986F00DBE6B6 /* Colors.xcassets */,
				EF51A11428E190FA0020F135 /* Preview Content */,
			);
			path = Resources;
			sourceTree = "<group>";
		};
		EFE9289628E1900200675F28 /* App */ = {
			isa = PBXGroup;
			children = (
				EFE9288628E18C3A00675F28 /* Ed_BreakApp.swift */,
			);
			path = App;
			sourceTree = "<group>";
		};
/* End PBXGroup section */

/* Begin PBXNativeTarget section */
		EFE9288228E18C3A00675F28 /* Ed-Break */ = {
			isa = PBXNativeTarget;
			buildConfigurationList = EFE9289128E18C3E00675F28 /* Build configuration list for PBXNativeTarget "Ed-Break" */;
			buildPhases = (
				EFE9287F28E18C3A00675F28 /* Sources */,
				EFE9288028E18C3A00675F28 /* Frameworks */,
				EFE9288128E18C3A00675F28 /* Resources */,
			);
			buildRules = (
			);
			dependencies = (
			);
			name = "Ed-Break";
			productName = "Ed-Break";
			productReference = EFE9288328E18C3A00675F28 /* Ed-Break.app */;
			productType = "com.apple.product-type.application";
		};
/* End PBXNativeTarget section */

/* Begin PBXProject section */
		EFE9287B28E18C3A00675F28 /* Project object */ = {
			isa = PBXProject;
			attributes = {
				BuildIndependentTargetsInParallel = 1;
				LastSwiftUpdateCheck = 1400;
				LastUpgradeCheck = 1400;
				TargetAttributes = {
					EFE9288228E18C3A00675F28 = {
						CreatedOnToolsVersion = 14.0;
					};
				};
			};
			buildConfigurationList = EFE9287E28E18C3A00675F28 /* Build configuration list for PBXProject "Ed-Break" */;
			compatibilityVersion = "Xcode 14.0";
			developmentRegion = en;
			hasScannedForEncodings = 0;
			knownRegions = (
				en,
				Base,
			);
			mainGroup = EFE9287A28E18C3A00675F28;
			productRefGroup = EFE9288428E18C3A00675F28 /* Products */;
			projectDirPath = "";
			projectRoot = "";
			targets = (
				EFE9288228E18C3A00675F28 /* Ed-Break */,
			);
		};
/* End PBXProject section */

/* Begin PBXResourcesBuildPhase section */
		EFE9288128E18C3A00675F28 /* Resources */ = {
			isa = PBXResourcesBuildPhase;
			buildActionMask = 2147483647;
			files = (
				EF43B69828E1982E00DBE6B6 /* LaunchScreen.storyboard in Resources */,
				EF43B69A28E1986F00DBE6B6 /* Colors.xcassets in Resources */,
				EF51A11628E190FA0020F135 /* Preview Assets.xcassets in Resources */,
				EFE9288B28E18C3E00675F28 /* Assets.xcassets in Resources */,
			);
			runOnlyForDeploymentPostprocessing = 0;
		};
/* End PBXResourcesBuildPhase section */

/* Begin PBXSourcesBuildPhase section */
		EFE9287F28E18C3A00675F28 /* Sources */ = {
			isa = PBXSourcesBuildPhase;
			buildActionMask = 2147483647;
			files = (
				EFE9288928E18C3A00675F28 /* ContentView.swift in Sources */,
				EFE9288728E18C3A00675F28 /* Ed_BreakApp.swift in Sources */,
			);
			runOnlyForDeploymentPostprocessing = 0;
		};
/* End PBXSourcesBuildPhase section */

/* Begin XCBuildConfiguration section */
		EFE9288F28E18C3E00675F28 /* Debug */ = {
			isa = XCBuildConfiguration;
			buildSettings = {
				ALWAYS_SEARCH_USER_PATHS = NO;
				CLANG_ANALYZER_NONNULL = YES;
				CLANG_ANALYZER_NUMBER_OBJECT_CONVERSION = YES_AGGRESSIVE;
				CLANG_CXX_LANGUAGE_STANDARD = "gnu++20";
				CLANG_ENABLE_MODULES = YES;
				CLANG_ENABLE_OBJC_ARC = YES;
				CLANG_ENABLE_OBJC_WEAK = YES;
				CLANG_WARN_BLOCK_CAPTURE_AUTORELEASING = YES;
				CLANG_WARN_BOOL_CONVERSION = YES;
				CLANG_WARN_COMMA = YES;
				CLANG_WARN_CONSTANT_CONVERSION = YES;
				CLANG_WARN_DEPRECATED_OBJC_IMPLEMENTATIONS = YES;
				CLANG_WARN_DIRECT_OBJC_ISA_USAGE = YES_ERROR;
				CLANG_WARN_DOCUMENTATION_COMMENTS = YES;
				CLANG_WARN_EMPTY_BODY = YES;
				CLANG_WARN_ENUM_CONVERSION = YES;
				CLANG_WARN_INFINITE_RECURSION = YES;
				CLANG_WARN_INT_CONVERSION = YES;
				CLANG_WARN_NON_LITERAL_NULL_CONVERSION = YES;
				CLANG_WARN_OBJC_IMPLICIT_RETAIN_SELF = YES;
				CLANG_WARN_OBJC_LITERAL_CONVERSION = YES;
				CLANG_WARN_OBJC_ROOT_CLASS = YES_ERROR;
				CLANG_WARN_QUOTED_INCLUDE_IN_FRAMEWORK_HEADER = YES;
				CLANG_WARN_RANGE_LOOP_ANALYSIS = YES;
				CLANG_WARN_STRICT_PROTOTYPES = YES;
				CLANG_WARN_SUSPICIOUS_MOVE = YES;
				CLANG_WARN_UNGUARDED_AVAILABILITY = YES_AGGRESSIVE;
				CLANG_WARN_UNREACHABLE_CODE = YES;
				CLANG_WARN__DUPLICATE_METHOD_MATCH = YES;
				COPY_PHASE_STRIP = NO;
				DEBUG_INFORMATION_FORMAT = dwarf;
				ENABLE_STRICT_OBJC_MSGSEND = YES;
				ENABLE_TESTABILITY = YES;
				GCC_C_LANGUAGE_STANDARD = gnu11;
				GCC_DYNAMIC_NO_PIC = NO;
				GCC_NO_COMMON_BLOCKS = YES;
				GCC_OPTIMIZATION_LEVEL = 0;
				GCC_PREPROCESSOR_DEFINITIONS = (
					"DEBUG=1",
					"$(inherited)",
				);
				GCC_WARN_64_TO_32_BIT_CONVERSION = YES;
				GCC_WARN_ABOUT_RETURN_TYPE = YES_ERROR;
				GCC_WARN_UNDECLARED_SELECTOR = YES;
				GCC_WARN_UNINITIALIZED_AUTOS = YES_AGGRESSIVE;
				GCC_WARN_UNUSED_FUNCTION = YES;
				GCC_WARN_UNUSED_VARIABLE = YES;
				IPHONEOS_DEPLOYMENT_TARGET = 14.0;
				MTL_ENABLE_DEBUG_INFO = INCLUDE_SOURCE;
				MTL_FAST_MATH = YES;
				ONLY_ACTIVE_ARCH = YES;
				SDKROOT = iphoneos;
				SWIFT_ACTIVE_COMPILATION_CONDITIONS = DEBUG;
				SWIFT_OPTIMIZATION_LEVEL = "-Onone";
			};
			name = Debug;
		};
		EFE9289028E18C3E00675F28 /* Release */ = {
			isa = XCBuildConfiguration;
			buildSettings = {
				ALWAYS_SEARCH_USER_PATHS = NO;
				CLANG_ANALYZER_NONNULL = YES;
				CLANG_ANALYZER_NUMBER_OBJECT_CONVERSION = YES_AGGRESSIVE;
				CLANG_CXX_LANGUAGE_STANDARD = "gnu++20";
				CLANG_ENABLE_MODULES = YES;
				CLANG_ENABLE_OBJC_ARC = YES;
				CLANG_ENABLE_OBJC_WEAK = YES;
				CLANG_WARN_BLOCK_CAPTURE_AUTORELEASING = YES;
				CLANG_WARN_BOOL_CONVERSION = YES;
				CLANG_WARN_COMMA = YES;
				CLANG_WARN_CONSTANT_CONVERSION = YES;
				CLANG_WARN_DEPRECATED_OBJC_IMPLEMENTATIONS = YES;
				CLANG_WARN_DIRECT_OBJC_ISA_USAGE = YES_ERROR;
				CLANG_WARN_DOCUMENTATION_COMMENTS = YES;
				CLANG_WARN_EMPTY_BODY = YES;
				CLANG_WARN_ENUM_CONVERSION = YES;
				CLANG_WARN_INFINITE_RECURSION = YES;
				CLANG_WARN_INT_CONVERSION = YES;
				CLANG_WARN_NON_LITERAL_NULL_CONVERSION = YES;
				CLANG_WARN_OBJC_IMPLICIT_RETAIN_SELF = YES;
				CLANG_WARN_OBJC_LITERAL_CONVERSION = YES;
				CLANG_WARN_OBJC_ROOT_CLASS = YES_ERROR;
				CLANG_WARN_QUOTED_INCLUDE_IN_FRAMEWORK_HEADER = YES;
				CLANG_WARN_RANGE_LOOP_ANALYSIS = YES;
				CLANG_WARN_STRICT_PROTOTYPES = YES;
				CLANG_WARN_SUSPICIOUS_MOVE = YES;
				CLANG_WARN_UNGUARDED_AVAILABILITY = YES_AGGRESSIVE;
				CLANG_WARN_UNREACHABLE_CODE = YES;
				CLANG_WARN__DUPLICATE_METHOD_MATCH = YES;
				COPY_PHASE_STRIP = NO;
				DEBUG_INFORMATION_FORMAT = "dwarf-with-dsym";
				ENABLE_NS_ASSERTIONS = NO;
				ENABLE_STRICT_OBJC_MSGSEND = YES;
				GCC_C_LANGUAGE_STANDARD = gnu11;
				GCC_NO_COMMON_BLOCKS = YES;
				GCC_WARN_64_TO_32_BIT_CONVERSION = YES;
				GCC_WARN_ABOUT_RETURN_TYPE = YES_ERROR;
				GCC_WARN_UNDECLARED_SELECTOR = YES;
				GCC_WARN_UNINITIALIZED_AUTOS = YES_AGGRESSIVE;
				GCC_WARN_UNUSED_FUNCTION = YES;
				GCC_WARN_UNUSED_VARIABLE = YES;
				IPHONEOS_DEPLOYMENT_TARGET = 14.0;
				MTL_ENABLE_DEBUG_INFO = NO;
				MTL_FAST_MATH = YES;
				SDKROOT = iphoneos;
				SWIFT_COMPILATION_MODE = wholemodule;
				SWIFT_OPTIMIZATION_LEVEL = "-O";
				VALIDATE_PRODUCT = YES;
			};
			name = Release;
		};
		EFE9289228E18C3E00675F28 /* Debug */ = {
			isa = XCBuildConfiguration;
			buildSettings = {
				ASSETCATALOG_COMPILER_APPICON_NAME = AppIcon;
				ASSETCATALOG_COMPILER_GLOBAL_ACCENT_COLOR_NAME = AccentColor;
				CODE_SIGN_STYLE = Automatic;
				CURRENT_PROJECT_VERSION = 1;
				DEVELOPMENT_ASSET_PATHS = "\"Ed-Break/Resources/Preview Content\"";
				DEVELOPMENT_TEAM = 3A3ZL8ATWR;
				ENABLE_PREVIEWS = YES;
				GENERATE_INFOPLIST_FILE = YES;
				INFOPLIST_KEY_UIApplicationSceneManifest_Generation = YES;
				INFOPLIST_KEY_UIApplicationSupportsIndirectInputEvents = YES;
				INFOPLIST_KEY_UILaunchScreen_Generation = YES;
				INFOPLIST_KEY_UILaunchStoryboardName = LaunchScreen.storyboard;
				INFOPLIST_KEY_UISupportedInterfaceOrientations = UIInterfaceOrientationPortrait;
				INFOPLIST_KEY_UISupportedInterfaceOrientations_iPad = "UIInterfaceOrientationLandscapeLeft UIInterfaceOrientationLandscapeRight UIInterfaceOrientationPortrait UIInterfaceOrientationPortraitUpsideDown";
				IPHONEOS_DEPLOYMENT_TARGET = 14.0;
				LD_RUNPATH_SEARCH_PATHS = (
					"$(inherited)",
					"@executable_path/Frameworks",
				);
				MARKETING_VERSION = 1.0;
				PRODUCT_BUNDLE_IDENTIFIER = "astghik.Ed-Break";
				PRODUCT_NAME = "$(TARGET_NAME)";
				SWIFT_EMIT_LOC_STRINGS = YES;
				SWIFT_VERSION = 5.0;
				TARGETED_DEVICE_FAMILY = "1,2";
			};
			name = Debug;
		};
		EFE9289328E18C3E00675F28 /* Release */ = {
			isa = XCBuildConfiguration;
			buildSettings = {
				ASSETCATALOG_COMPILER_APPICON_NAME = AppIcon;
				ASSETCATALOG_COMPILER_GLOBAL_ACCENT_COLOR_NAME = AccentColor;
				CODE_SIGN_STYLE = Automatic;
				CURRENT_PROJECT_VERSION = 1;
				DEVELOPMENT_ASSET_PATHS = "\"Ed-Break/Resources/Preview Content\"";
				DEVELOPMENT_TEAM = 3A3ZL8ATWR;
				ENABLE_PREVIEWS = YES;
				GENERATE_INFOPLIST_FILE = YES;
				INFOPLIST_KEY_UIApplicationSceneManifest_Generation = YES;
				INFOPLIST_KEY_UIApplicationSupportsIndirectInputEvents = YES;
				INFOPLIST_KEY_UILaunchScreen_Generation = YES;
				INFOPLIST_KEY_UILaunchStoryboardName = LaunchScreen.storyboard;
				INFOPLIST_KEY_UISupportedInterfaceOrientations = UIInterfaceOrientationPortrait;
				INFOPLIST_KEY_UISupportedInterfaceOrientations_iPad = "UIInterfaceOrientationLandscapeLeft UIInterfaceOrientationLandscapeRight UIInterfaceOrientationPortrait UIInterfaceOrientationPortraitUpsideDown";
				IPHONEOS_DEPLOYMENT_TARGET = 14.0;
				LD_RUNPATH_SEARCH_PATHS = (
					"$(inherited)",
					"@executable_path/Frameworks",
				);
				MARKETING_VERSION = 1.0;
				PRODUCT_BUNDLE_IDENTIFIER = "astghik.Ed-Break";
				PRODUCT_NAME = "$(TARGET_NAME)";
				SWIFT_EMIT_LOC_STRINGS = YES;
				SWIFT_VERSION = 5.0;
				TARGETED_DEVICE_FAMILY = "1,2";
			};
			name = Release;
		};
/* End XCBuildConfiguration section */

/* Begin XCConfigurationList section */
		EFE9287E28E18C3A00675F28 /* Build configuration list for PBXProject "Ed-Break" */ = {
			isa = XCConfigurationList;
			buildConfigurations = (
				EFE9288F28E18C3E00675F28 /* Debug */,
				EFE9289028E18C3E00675F28 /* Release */,
			);
			defaultConfigurationIsVisible = 0;
			defaultConfigurationName = Release;
		};
		EFE9289128E18C3E00675F28 /* Build configuration list for PBXNativeTarget "Ed-Break" */ = {
			isa = XCConfigurationList;
			buildConfigurations = (
				EFE9289228E18C3E00675F28 /* Debug */,
				EFE9289328E18C3E00675F28 /* Release */,
			);
			defaultConfigurationIsVisible = 0;
			defaultConfigurationName = Release;
		};
/* End XCConfigurationList section */
	};
	rootObject = EFE9287B28E18C3A00675F28 /* Project object */;
}
